
Microsoft Visual Studio Solution File, Format Version 12.00
# Visual Studio Version 16
VisualStudioVersion = 16.0.30804.86
MinimumVisualStudioVersion = 10.0.40219.1
Project("{9A19103F-16F7-4668-BE54-9A1E7A4F7556}") = "asp.netCore", "asp.netCore\asp.netCore.csproj", "{D096B36D-C8AE-4628-800E-F9B9878A08BA}"
EndProject
Project("{9A19103F-16F7-4668-BE54-9A1E7A4F7556}") = "WebApplication1", "WebApplication1\WebApplication1.csproj", "{741AB48F-F549-46A7-88F0-6DCED621F11F}"
EndProject
Project("{9A19103F-16F7-4668-BE54-9A1E7A4F7556}") = "TodoApi", "TodoApi\TodoApi.csproj", "{B0E8B34E-0399-496B-B7AD-8CCD8A6CE342}"
EndProject
Project("{FAE04EC0-301F-11D3-BF4B-00C04F79EFBC}") = "WebApplication2", "WebApplication2\WebApplication2.csproj", "{A670669D-D7D4-4304-AFB1-4864641B67B6}"
EndProject
Global
	GlobalSection(SolutionConfigurationPlatforms) = preSolution
		Debug|Any CPU = Debug|Any CPU
		Release|Any CPU = Release|Any CPU
	EndGlobalSection
	GlobalSection(ProjectConfigurationPlatforms) = postSolution
		{D096B36D-C8AE-4628-800E-F9B9878A08BA}.Debug|Any CPU.ActiveCfg = Debug|Any CPU
		{D096B36D-C8AE-4628-800E-F9B9878A08BA}.Debug|Any CPU.Build.0 = Debug|Any CPU
		{D096B36D-C8AE-4628-800E-F9B9878A08BA}.Release|Any CPU.ActiveCfg = Release|Any CPU
		{D096B36D-C8AE-4628-800E-F9B9878A08BA}.Release|Any CPU.Build.0 = Release|Any CPU
		{741AB48F-F549-46A7-88F0-6DCED621F11F}.Debug|Any CPU.ActiveCfg = Debug|Any CPU
		{741AB48F-F549-46A7-88F0-6DCED621F11F}.Debug|Any CPU.Build.0 = Debug|Any CPU
		{741AB48F-F549-46A7-88F0-6DCED621F11F}.Release|Any CPU.ActiveCfg = Release|Any CPU
		{741AB48F-F549-46A7-88F0-6DCED621F11F}.Release|Any CPU.Build.0 = Release|Any CPU
		{B0E8B34E-0399-496B-B7AD-8CCD8A6CE342}.Debug|Any CPU.ActiveCfg = Debug|Any CPU
		{B0E8B34E-0399-496B-B7AD-8CCD8A6CE342}.Debug|Any CPU.Build.0 = Debug|Any CPU
		{B0E8B34E-0399-496B-B7AD-8CCD8A6CE342}.Release|Any CPU.ActiveCfg = Release|Any CPU
		{B0E8B34E-0399-496B-B7AD-8CCD8A6CE342}.Release|Any CPU.Build.0 = Release|Any CPU
		{A670669D-D7D4-4304-AFB1-4864641B67B6}.Debug|Any CPU.ActiveCfg = Debug|Any CPU
		{A670669D-D7D4-4304-AFB1-4864641B67B6}.Debug|Any CPU.Build.0 = Debug|Any CPU
		{A670669D-D7D4-4304-AFB1-4864641B67B6}.Release|Any CPU.ActiveCfg = Release|Any CPU
		{A670669D-D7D4-4304-AFB1-4864641B67B6}.Release|Any CPU.Build.0 = Release|Any CPU
	EndGlobalSection
	GlobalSection(SolutionProperties) = preSolution
		HideSolutionNode = FALSE
	EndGlobalSection
	GlobalSection(ExtensibilityGlobals) = postSolution
		SolutionGuid = {84335EEA-6F0A-46E1-A007-40F2C4B36FD1}
	EndGlobalSection
EndGlobal
